// !$*UTF8*$!
{
	archiveVersion = 1;
	classes = {
	};
	objectVersion = 56;
	objects = {

/* Begin PBXBuildFile section */
		AAB7D3FA29BFA945009F91E7 /* QuickFix.swift in Sources */ = {isa = PBXBuildFile; fileRef = AAB7D3F929BFA945009F91E7 /* QuickFix.swift */; };
		AAB7D3FC29BFA945009F91E7 /* ContentView.swift in Sources */ = {isa = PBXBuildFile; fileRef = AAB7D3FB29BFA945009F91E7 /* ContentView.swift */; };
		AAB7D3FE29BFA946009F91E7 /* Assets.xcassets in Resources */ = {isa = PBXBuildFile; fileRef = AAB7D3FD29BFA946009F91E7 /* Assets.xcassets */; };
		AAB7D40129BFA946009F91E7 /* Preview Assets.xcassets in Resources */ = {isa = PBXBuildFile; fileRef = AAB7D40029BFA946009F91E7 /* Preview Assets.xcassets */; };
		AAB7D40929BFAA17009F91E7 /* Main.xcdatamodeld in Sources */ = {isa = PBXBuildFile; fileRef = AAB7D40729BFAA17009F91E7 /* Main.xcdatamodeld */; };
		AAB7D40B29BFAC73009F91E7 /* DataController.swift in Sources */ = {isa = PBXBuildFile; fileRef = AAB7D40A29BFAC73009F91E7 /* DataController.swift */; };
		AAB7D40F29C0F096009F91E7 /* SidebarView.swift in Sources */ = {isa = PBXBuildFile; fileRef = AAB7D40E29C0F096009F91E7 /* SidebarView.swift */; };
		AAB7D41129C0F09C009F91E7 /* DetailView.swift in Sources */ = {isa = PBXBuildFile; fileRef = AAB7D41029C0F09C009F91E7 /* DetailView.swift */; };
		AAB7D41629C0F2E2009F91E7 /* Filter.swift in Sources */ = {isa = PBXBuildFile; fileRef = AAB7D41529C0F2E2009F91E7 /* Filter.swift */; };
/* End PBXBuildFile section */

/* Begin PBXFileReference section */
		AAB7D3F629BFA945009F91E7 /* QuickFix.app */ = {isa = PBXFileReference; explicitFileType = wrapper.application; includeInIndex = 0; path = QuickFix.app; sourceTree = BUILT_PRODUCTS_DIR; };
		AAB7D3F929BFA945009F91E7 /* QuickFix.swift */ = {isa = PBXFileReference; lastKnownFileType = sourcecode.swift; path = QuickFix.swift; sourceTree = "<group>"; };
		AAB7D3FB29BFA945009F91E7 /* ContentView.swift */ = {isa = PBXFileReference; lastKnownFileType = sourcecode.swift; path = ContentView.swift; sourceTree = "<group>"; };
		AAB7D3FD29BFA946009F91E7 /* Assets.xcassets */ = {isa = PBXFileReference; lastKnownFileType = folder.assetcatalog; path = Assets.xcassets; sourceTree = "<group>"; };
		AAB7D40029BFA946009F91E7 /* Preview Assets.xcassets */ = {isa = PBXFileReference; lastKnownFileType = folder.assetcatalog; path = "Preview Assets.xcassets"; sourceTree = "<group>"; };
		AAB7D40829BFAA17009F91E7 /* Main.xcdatamodel */ = {isa = PBXFileReference; lastKnownFileType = wrapper.xcdatamodel; path = Main.xcdatamodel; sourceTree = "<group>"; };
		AAB7D40A29BFAC73009F91E7 /* DataController.swift */ = {isa = PBXFileReference; lastKnownFileType = sourcecode.swift; path = DataController.swift; sourceTree = "<group>"; };
		AAB7D40C29C091FA009F91E7 /* PortfolioApp.entitlements */ = {isa = PBXFileReference; lastKnownFileType = text.plist.entitlements; path = PortfolioApp.entitlements; sourceTree = "<group>"; };
		AAB7D40D29C0920C009F91E7 /* Info.plist */ = {isa = PBXFileReference; lastKnownFileType = text.plist; path = Info.plist; sourceTree = "<group>"; };
		AAB7D40E29C0F096009F91E7 /* SidebarView.swift */ = {isa = PBXFileReference; lastKnownFileType = sourcecode.swift; path = SidebarView.swift; sourceTree = "<group>"; };
		AAB7D41029C0F09C009F91E7 /* DetailView.swift */ = {isa = PBXFileReference; lastKnownFileType = sourcecode.swift; path = DetailView.swift; sourceTree = "<group>"; };
		AAB7D41529C0F2E2009F91E7 /* Filter.swift */ = {isa = PBXFileReference; lastKnownFileType = sourcecode.swift; path = Filter.swift; sourceTree = "<group>"; };
/* End PBXFileReference section */

/* Begin PBXFrameworksBuildPhase section */
		AAB7D3F329BFA945009F91E7 /* Frameworks */ = {
			isa = PBXFrameworksBuildPhase;
			buildActionMask = 2147483647;
			files = (
			);
			runOnlyForDeploymentPostprocessing = 0;
		};
/* End PBXFrameworksBuildPhase section */

/* Begin PBXGroup section */
		AAB7D3ED29BFA945009F91E7 = {
			isa = PBXGroup;
			children = (
				AAB7D3F829BFA945009F91E7 /* QuickFix */,
				AAB7D3F729BFA945009F91E7 /* Products */,
			);
			sourceTree = "<group>";
		};
		AAB7D3F729BFA945009F91E7 /* Products */ = {
			isa = PBXGroup;
			children = (
				AAB7D3F629BFA945009F91E7 /* QuickFix.app */,
			);
			name = Products;
			sourceTree = "<group>";
		};
		AAB7D3F829BFA945009F91E7 /* QuickFix */ = {
			isa = PBXGroup;
			children = (
				AAB7D40D29C0920C009F91E7 /* Info.plist */,
				AAB7D40C29C091FA009F91E7 /* PortfolioApp.entitlements */,
				AAB7D3F929BFA945009F91E7 /* QuickFix.swift */,
				AAB7D41529C0F2E2009F91E7 /* Filter.swift */,
				AAB7D41229C0F0BC009F91E7 /* Models */,
				AAB7D41429C0F0C5009F91E7 /* Views */,
				AAB7D3FD29BFA946009F91E7 /* Assets.xcassets */,
				AAB7D3FF29BFA946009F91E7 /* Preview Content */,
			);
			path = QuickFix;
			sourceTree = "<group>";
		};
		AAB7D3FF29BFA946009F91E7 /* Preview Content */ = {
			isa = PBXGroup;
			children = (
				AAB7D40029BFA946009F91E7 /* Preview Assets.xcassets */,
			);
			path = "Preview Content";
			sourceTree = "<group>";
		};
		AAB7D41229C0F0BC009F91E7 /* Models */ = {
			isa = PBXGroup;
			children = (
				AAB7D40729BFAA17009F91E7 /* Main.xcdatamodeld */,
				AAB7D40A29BFAC73009F91E7 /* DataController.swift */,
			);
			path = Models;
			sourceTree = "<group>";
		};
		AAB7D41429C0F0C5009F91E7 /* Views */ = {
			isa = PBXGroup;
			children = (
				AAB7D40E29C0F096009F91E7 /* SidebarView.swift */,
				AAB7D3FB29BFA945009F91E7 /* ContentView.swift */,
				AAB7D41029C0F09C009F91E7 /* DetailView.swift */,
			);
			path = Views;
			sourceTree = "<group>";
		};
/* End PBXGroup section */

/* Begin PBXNativeTarget section */
		AAB7D3F529BFA945009F91E7 /* QuickFix */ = {
			isa = PBXNativeTarget;
			buildConfigurationList = AAB7D40429BFA946009F91E7 /* Build configuration list for PBXNativeTarget "QuickFix" */;
			buildPhases = (
				AAB7D3F229BFA945009F91E7 /* Sources */,
				AAB7D3F329BFA945009F91E7 /* Frameworks */,
				AAB7D3F429BFA945009F91E7 /* Resources */,
			);
			buildRules = (
			);
			dependencies = (
			);
			name = QuickFix;
			productName = PortfolioApp;
			productReference = AAB7D3F629BFA945009F91E7 /* QuickFix.app */;
			productType = "com.apple.product-type.application";
		};
/* End PBXNativeTarget section */

/* Begin PBXProject section */
		AAB7D3EE29BFA945009F91E7 /* Project object */ = {
			isa = PBXProject;
			attributes = {
				BuildIndependentTargetsInParallel = 1;
				LastSwiftUpdateCheck = 1420;
				LastUpgradeCheck = 1420;
				TargetAttributes = {
					AAB7D3F529BFA945009F91E7 = {
						CreatedOnToolsVersion = 14.2;
					};
				};
			};
			buildConfigurationList = AAB7D3F129BFA945009F91E7 /* Build configuration list for PBXProject "QuickFix" */;
			compatibilityVersion = "Xcode 14.0";
			developmentRegion = en;
			hasScannedForEncodings = 0;
			knownRegions = (
				en,
				Base,
			);
			mainGroup = AAB7D3ED29BFA945009F91E7;
			productRefGroup = AAB7D3F729BFA945009F91E7 /* Products */;
			projectDirPath = "";
			projectRoot = "";
			targets = (
				AAB7D3F529BFA945009F91E7 /* QuickFix */,
			);
		};
/* End PBXProject section */

/* Begin PBXResourcesBuildPhase section */
		AAB7D3F429BFA945009F91E7 /* Resources */ = {
			isa = PBXResourcesBuildPhase;
			buildActionMask = 2147483647;
			files = (
				AAB7D40129BFA946009F91E7 /* Preview Assets.xcassets in Resources */,
				AAB7D3FE29BFA946009F91E7 /* Assets.xcassets in Resources */,
			);
			runOnlyForDeploymentPostprocessing = 0;
		};
/* End PBXResourcesBuildPhase section */

/* Begin PBXSourcesBuildPhase section */
		AAB7D3F229BFA945009F91E7 /* Sources */ = {
			isa = PBXSourcesBuildPhase;
			buildActionMask = 2147483647;
			files = (
				AAB7D41629C0F2E2009F91E7 /* Filter.swift in Sources */,
				AAB7D40929BFAA17009F91E7 /* Main.xcdatamodeld in Sources */,
				AAB7D41129C0F09C009F91E7 /* DetailView.swift in Sources */,
				AAB7D40B29BFAC73009F91E7 /* DataController.swift in Sources */,
				AAB7D40F29C0F096009F91E7 /* SidebarView.swift in Sources */,
				AAB7D3FC29BFA945009F91E7 /* ContentView.swift in Sources */,
				AAB7D3FA29BFA945009F91E7 /* QuickFix.swift in Sources */,
			);
			runOnlyForDeploymentPostprocessing = 0;
		};
/* End PBXSourcesBuildPhase section */

/* Begin XCBuildConfiguration section */
		AAB7D40229BFA946009F91E7 /* Debug */ = {
			isa = XCBuildConfiguration;
			buildSettings = {
				ALWAYS_SEARCH_USER_PATHS = NO;
				CLANG_ANALYZER_NONNULL = YES;
				CLANG_ANALYZER_NUMBER_OBJECT_CONVERSION = YES_AGGRESSIVE;
				CLANG_CXX_LANGUAGE_STANDARD = "gnu++20";
				CLANG_ENABLE_MODULES = YES;
				CLANG_ENABLE_OBJC_ARC = YES;
				CLANG_ENABLE_OBJC_WEAK = YES;
				CLANG_WARN_BLOCK_CAPTURE_AUTORELEASING = YES;
				CLANG_WARN_BOOL_CONVERSION = YES;
				CLANG_WARN_COMMA = YES;
				CLANG_WARN_CONSTANT_CONVERSION = YES;
				CLANG_WARN_DEPRECATED_OBJC_IMPLEMENTATIONS = YES;
				CLANG_WARN_DIRECT_OBJC_ISA_USAGE = YES_ERROR;
				CLANG_WARN_DOCUMENTATION_COMMENTS = YES;
				CLANG_WARN_EMPTY_BODY = YES;
				CLANG_WARN_ENUM_CONVERSION = YES;
				CLANG_WARN_INFINITE_RECURSION = YES;
				CLANG_WARN_INT_CONVERSION = YES;
				CLANG_WARN_NON_LITERAL_NULL_CONVERSION = YES;
				CLANG_WARN_OBJC_IMPLICIT_RETAIN_SELF = YES;
				CLANG_WARN_OBJC_LITERAL_CONVERSION = YES;
				CLANG_WARN_OBJC_ROOT_CLASS = YES_ERROR;
				CLANG_WARN_QUOTED_INCLUDE_IN_FRAMEWORK_HEADER = YES;
				CLANG_WARN_RANGE_LOOP_ANALYSIS = YES;
				CLANG_WARN_STRICT_PROTOTYPES = YES;
				CLANG_WARN_SUSPICIOUS_MOVE = YES;
				CLANG_WARN_UNGUARDED_AVAILABILITY = YES_AGGRESSIVE;
				CLANG_WARN_UNREACHABLE_CODE = YES;
				CLANG_WARN__DUPLICATE_METHOD_MATCH = YES;
				COPY_PHASE_STRIP = NO;
				DEBUG_INFORMATION_FORMAT = dwarf;
				ENABLE_STRICT_OBJC_MSGSEND = YES;
				ENABLE_TESTABILITY = YES;
				GCC_C_LANGUAGE_STANDARD = gnu11;
				GCC_DYNAMIC_NO_PIC = NO;
				GCC_NO_COMMON_BLOCKS = YES;
				GCC_OPTIMIZATION_LEVEL = 0;
				GCC_PREPROCESSOR_DEFINITIONS = (
					"DEBUG=1",
					"$(inherited)",
				);
				GCC_WARN_64_TO_32_BIT_CONVERSION = YES;
				GCC_WARN_ABOUT_RETURN_TYPE = YES_ERROR;
				GCC_WARN_UNDECLARED_SELECTOR = YES;
				GCC_WARN_UNINITIALIZED_AUTOS = YES_AGGRESSIVE;
				GCC_WARN_UNUSED_FUNCTION = YES;
				GCC_WARN_UNUSED_VARIABLE = YES;
				IPHONEOS_DEPLOYMENT_TARGET = 16.2;
				MTL_ENABLE_DEBUG_INFO = INCLUDE_SOURCE;
				MTL_FAST_MATH = YES;
				ONLY_ACTIVE_ARCH = YES;
				SDKROOT = iphoneos;
				SWIFT_ACTIVE_COMPILATION_CONDITIONS = DEBUG;
				SWIFT_OPTIMIZATION_LEVEL = "-Onone";
			};
			name = Debug;
		};
		AAB7D40329BFA946009F91E7 /* Release */ = {
			isa = XCBuildConfiguration;
			buildSettings = {
				ALWAYS_SEARCH_USER_PATHS = NO;
				CLANG_ANALYZER_NONNULL = YES;
				CLANG_ANALYZER_NUMBER_OBJECT_CONVERSION = YES_AGGRESSIVE;
				CLANG_CXX_LANGUAGE_STANDARD = "gnu++20";
				CLANG_ENABLE_MODULES = YES;
				CLANG_ENABLE_OBJC_ARC = YES;
				CLANG_ENABLE_OBJC_WEAK = YES;
				CLANG_WARN_BLOCK_CAPTURE_AUTORELEASING = YES;
				CLANG_WARN_BOOL_CONVERSION = YES;
				CLANG_WARN_COMMA = YES;
				CLANG_WARN_CONSTANT_CONVERSION = YES;
				CLANG_WARN_DEPRECATED_OBJC_IMPLEMENTATIONS = YES;
				CLANG_WARN_DIRECT_OBJC_ISA_USAGE = YES_ERROR;
				CLANG_WARN_DOCUMENTATION_COMMENTS = YES;
				CLANG_WARN_EMPTY_BODY = YES;
				CLANG_WARN_ENUM_CONVERSION = YES;
				CLANG_WARN_INFINITE_RECURSION = YES;
				CLANG_WARN_INT_CONVERSION = YES;
				CLANG_WARN_NON_LITERAL_NULL_CONVERSION = YES;
				CLANG_WARN_OBJC_IMPLICIT_RETAIN_SELF = YES;
				CLANG_WARN_OBJC_LITERAL_CONVERSION = YES;
				CLANG_WARN_OBJC_ROOT_CLASS = YES_ERROR;
				CLANG_WARN_QUOTED_INCLUDE_IN_FRAMEWORK_HEADER = YES;
				CLANG_WARN_RANGE_LOOP_ANALYSIS = YES;
				CLANG_WARN_STRICT_PROTOTYPES = YES;
				CLANG_WARN_SUSPICIOUS_MOVE = YES;
				CLANG_WARN_UNGUARDED_AVAILABILITY = YES_AGGRESSIVE;
				CLANG_WARN_UNREACHABLE_CODE = YES;
				CLANG_WARN__DUPLICATE_METHOD_MATCH = YES;
				COPY_PHASE_STRIP = NO;
				DEBUG_INFORMATION_FORMAT = "dwarf-with-dsym";
				ENABLE_NS_ASSERTIONS = NO;
				ENABLE_STRICT_OBJC_MSGSEND = YES;
				GCC_C_LANGUAGE_STANDARD = gnu11;
				GCC_NO_COMMON_BLOCKS = YES;
				GCC_WARN_64_TO_32_BIT_CONVERSION = YES;
				GCC_WARN_ABOUT_RETURN_TYPE = YES_ERROR;
				GCC_WARN_UNDECLARED_SELECTOR = YES;
				GCC_WARN_UNINITIALIZED_AUTOS = YES_AGGRESSIVE;
				GCC_WARN_UNUSED_FUNCTION = YES;
				GCC_WARN_UNUSED_VARIABLE = YES;
				IPHONEOS_DEPLOYMENT_TARGET = 16.2;
				MTL_ENABLE_DEBUG_INFO = NO;
				MTL_FAST_MATH = YES;
				SDKROOT = iphoneos;
				SWIFT_COMPILATION_MODE = wholemodule;
				SWIFT_OPTIMIZATION_LEVEL = "-O";
				VALIDATE_PRODUCT = YES;
			};
			name = Release;
		};
		AAB7D40529BFA946009F91E7 /* Debug */ = {
			isa = XCBuildConfiguration;
			buildSettings = {
				ASSETCATALOG_COMPILER_APPICON_NAME = AppIcon;
				ASSETCATALOG_COMPILER_GLOBAL_ACCENT_COLOR_NAME = AccentColor;
				CODE_SIGN_ENTITLEMENTS = PortfolioApp/PortfolioApp.entitlements;
				CODE_SIGN_IDENTITY = "Apple Development";
				CODE_SIGN_STYLE = Automatic;
				CURRENT_PROJECT_VERSION = 1;
				DEVELOPMENT_ASSET_PATHS = "\"PortfolioApp/Preview Content\"";
				DEVELOPMENT_TEAM = N6RF4M6NH8;
				ENABLE_PREVIEWS = YES;
				GENERATE_INFOPLIST_FILE = YES;
				INFOPLIST_FILE = PortfolioApp/Info.plist;
				INFOPLIST_KEY_UIApplicationSceneManifest_Generation = YES;
				INFOPLIST_KEY_UIApplicationSupportsIndirectInputEvents = YES;
				INFOPLIST_KEY_UILaunchScreen_Generation = YES;
				INFOPLIST_KEY_UISupportedInterfaceOrientations_iPad = "UIInterfaceOrientationPortrait UIInterfaceOrientationPortraitUpsideDown UIInterfaceOrientationLandscapeLeft UIInterfaceOrientationLandscapeRight";
				INFOPLIST_KEY_UISupportedInterfaceOrientations_iPhone = "UIInterfaceOrientationPortrait UIInterfaceOrientationLandscapeLeft UIInterfaceOrientationLandscapeRight";
				LD_RUNPATH_SEARCH_PATHS = (
					"$(inherited)",
					"@executable_path/Frameworks",
				);
				MARKETING_VERSION = 1.0;
				PRODUCT_BUNDLE_IDENTIFIER = ChristianLavelle.PortfolioApp;
				PRODUCT_NAME = "$(TARGET_NAME)";
				PROVISIONING_PROFILE_SPECIFIER = "";
				SWIFT_EMIT_LOC_STRINGS = YES;
				SWIFT_VERSION = 5.0;
				TARGETED_DEVICE_FAMILY = "1,2";
			};
			name = Debug;
		};
		AAB7D40629BFA946009F91E7 /* Release */ = {
			isa = XCBuildConfiguration;
			buildSettings = {
				ASSETCATALOG_COMPILER_APPICON_NAME = AppIcon;
				ASSETCATALOG_COMPILER_GLOBAL_ACCENT_COLOR_NAME = AccentColor;
				CODE_SIGN_ENTITLEMENTS = PortfolioApp/PortfolioApp.entitlements;
				CODE_SIGN_IDENTITY = "Apple Development";
				CODE_SIGN_STYLE = Automatic;
				CURRENT_PROJECT_VERSION = 1;
				DEVELOPMENT_ASSET_PATHS = "\"PortfolioApp/Preview Content\"";
				DEVELOPMENT_TEAM = N6RF4M6NH8;
				ENABLE_PREVIEWS = YES;
				GENERATE_INFOPLIST_FILE = YES;
				INFOPLIST_FILE = PortfolioApp/Info.plist;
				INFOPLIST_KEY_UIApplicationSceneManifest_Generation = YES;
				INFOPLIST_KEY_UIApplicationSupportsIndirectInputEvents = YES;
				INFOPLIST_KEY_UILaunchScreen_Generation = YES;
				INFOPLIST_KEY_UISupportedInterfaceOrientations_iPad = "UIInterfaceOrientationPortrait UIInterfaceOrientationPortraitUpsideDown UIInterfaceOrientationLandscapeLeft UIInterfaceOrientationLandscapeRight";
				INFOPLIST_KEY_UISupportedInterfaceOrientations_iPhone = "UIInterfaceOrientationPortrait UIInterfaceOrientationLandscapeLeft UIInterfaceOrientationLandscapeRight";
				LD_RUNPATH_SEARCH_PATHS = (
					"$(inherited)",
					"@executable_path/Frameworks",
				);
				MARKETING_VERSION = 1.0;
				PRODUCT_BUNDLE_IDENTIFIER = ChristianLavelle.PortfolioApp;
				PRODUCT_NAME = "$(TARGET_NAME)";
				PROVISIONING_PROFILE_SPECIFIER = "";
				SWIFT_EMIT_LOC_STRINGS = YES;
				SWIFT_VERSION = 5.0;
				TARGETED_DEVICE_FAMILY = "1,2";
			};
			name = Release;
		};
/* End XCBuildConfiguration section */

/* Begin XCConfigurationList section */
		AAB7D3F129BFA945009F91E7 /* Build configuration list for PBXProject "QuickFix" */ = {
			isa = XCConfigurationList;
			buildConfigurations = (
				AAB7D40229BFA946009F91E7 /* Debug */,
				AAB7D40329BFA946009F91E7 /* Release */,
			);
			defaultConfigurationIsVisible = 0;
			defaultConfigurationName = Release;
		};
		AAB7D40429BFA946009F91E7 /* Build configuration list for PBXNativeTarget "QuickFix" */ = {
			isa = XCConfigurationList;
			buildConfigurations = (
				AAB7D40529BFA946009F91E7 /* Debug */,
				AAB7D40629BFA946009F91E7 /* Release */,
			);
			defaultConfigurationIsVisible = 0;
			defaultConfigurationName = Release;
		};
/* End XCConfigurationList section */

/* Begin XCVersionGroup section */
		AAB7D40729BFAA17009F91E7 /* Main.xcdatamodeld */ = {
			isa = XCVersionGroup;
			children = (
				AAB7D40829BFAA17009F91E7 /* Main.xcdatamodel */,
			);
			currentVersion = AAB7D40829BFAA17009F91E7 /* Main.xcdatamodel */;
			path = Main.xcdatamodeld;
			sourceTree = "<group>";
			versionGroupType = wrapper.xcdatamodel;
		};
/* End XCVersionGroup section */
	};
	rootObject = AAB7D3EE29BFA945009F91E7 /* Project object */;
}
